
Microsoft Visual Studio Solution File, Format Version 12.00
# Visual Studio 15
VisualStudioVersion = 15.0.27703.2018
MinimumVisualStudioVersion = 10.0.40219.1
Project("{8BC9CEB8-8B4A-11D0-8D11-00A0C91BC942}") = "PDCurses", "PDCurses.vcxproj", "{BAA70D0F-3EC7-4D10-91F0-974F1F49308B}"
EndProject
Project("{8BC9CEB8-8B4A-11D0-8D11-00A0C91BC942}") = "tuidemo", "tuidemo.vcxproj", "{C23C1A73-0A3C-494B-8D00-507CDDB849A2}"
	ProjectSection(ProjectDependencies) = postProject
		{BAA70D0F-3EC7-4D10-91F0-974F1F49308B} = {BAA70D0F-3EC7-4D10-91F0-974F1F49308B}
	EndProjectSection
EndProject
Global
	GlobalSection(SolutionConfigurationPlatforms) = preSolution
		Debug|x64 = Debug|x64
		Debug|x86 = Debug|x86
		Release|x64 = Release|x64
		Release|x86 = Release|x86
	EndGlobalSection
	GlobalSection(ProjectConfigurationPlatforms) = postSolution
		{BAA70D0F-3EC7-4D10-91F0-974F1F49308B}.Debug|x64.ActiveCfg = Debug|x64
		{BAA70D0F-3EC7-4D10-91F0-974F1F49308B}.Debug|x64.Build.0 = Debug|x64
		{BAA70D0F-3EC7-4D10-91F0-974F1F49308B}.Debug|x86.ActiveCfg = Debug|Win32
		{BAA70D0F-3EC7-4D10-91F0-974F1F49308B}.Debug|x86.Build.0 = Debug|Win32
		{BAA70D0F-3EC7-4D10-91F0-974F1F49308B}.Release|x64.ActiveCfg = Release|x64
		{BAA70D0F-3EC7-4D10-91F0-974F1F49308B}.Release|x64.Build.0 = Release|x64
		{BAA70D0F-3EC7-4D10-91F0-974F1F49308B}.Release|x86.ActiveCfg = Release|Win32
		{BAA70D0F-3EC7-4D10-91F0-974F1F49308B}.Release|x86.Build.0 = Release|Win32
		{C23C1A73-0A3C-494B-8D00-507CDDB849A2}.Debug|x64.ActiveCfg = Debug|x64
		{C23C1A73-0A3C-494B-8D00-507CDDB849A2}.Debug|x64.Build.0 = Debug|x64
		{C23C1A73-0A3C-494B-8D00-507CDDB849A2}.Debug|x86.ActiveCfg = Debug|Win32
		{C23C1A73-0A3C-494B-8D00-507CDDB849A2}.Debug|x86.Build.0 = Debug|Win32
		{C23C1A73-0A3C-494B-8D00-507CDDB849A2}.Release|x64.ActiveCfg = Release|x64
		{C23C1A73-0A3C-494B-8D00-507CDDB849A2}.Release|x64.Build.0 = Release|x64
		{C23C1A73-0A3C-494B-8D00-507CDDB849A2}.Release|x86.ActiveCfg = Release|Win32
		{C23C1A73-0A3C-494B-8D00-507CDDB849A2}.Release|x86.Build.0 = Release|Win32
	EndGlobalSection
	GlobalSection(SolutionProperties) = preSolution
		HideSolutionNode = FALSE
	EndGlobalSection
	GlobalSection(ExtensibilityGlobals) = postSolution
		SolutionGuid = {A8EEE3D2-11FD-4927-8A16-FAAEB7A1A0EB}
	EndGlobalSection
EndGlobal
